
Microsoft Visual Studio Solution File, Format Version 12.00
# Visual Studio Version 16
VisualStudioVersion = 16.0.29215.179
MinimumVisualStudioVersion = 10.0.40219.1
Project("{FAE04EC0-301F-11D3-BF4B-00C04F79EFBC}") = "ISMFirstConsoleProject", "ISMFirstConsoleProject\ISMFirstConsoleProject.csproj", "{3CD26297-DF57-4FB7-BD9E-F3F2A9CA0FB4}"
EndProject
Project("{FAE04EC0-301F-11D3-BF4B-00C04F79EFBC}") = "ISMSecondConsoleProject", "ISMSecondConsoleProject\ISMSecondConsoleProject.csproj", "{D11CDF99-DC5B-4C56-A5F1-38EB8989F7FD}"
EndProject
Global
	GlobalSection(SolutionConfigurationPlatforms) = preSolution
		Debug|Any CPU = Debug|Any CPU
		Release|Any CPU = Release|Any CPU
	EndGlobalSection
	GlobalSection(ProjectConfigurationPlatforms) = postSolution
		{3CD26297-DF57-4FB7-BD9E-F3F2A9CA0FB4}.Debug|Any CPU.ActiveCfg = Debug|Any CPU
		{3CD26297-DF57-4FB7-BD9E-F3F2A9CA0FB4}.Debug|Any CPU.Build.0 = Debug|Any CPU
		{3CD26297-DF57-4FB7-BD9E-F3F2A9CA0FB4}.Release|Any CPU.ActiveCfg = Release|Any CPU
		{3CD26297-DF57-4FB7-BD9E-F3F2A9CA0FB4}.Release|Any CPU.Build.0 = Release|Any CPU
		{D11CDF99-DC5B-4C56-A5F1-38EB8989F7FD}.Debug|Any CPU.ActiveCfg = Debug|Any CPU
		{D11CDF99-DC5B-4C56-A5F1-38EB8989F7FD}.Debug|Any CPU.Build.0 = Debug|Any CPU
		{D11CDF99-DC5B-4C56-A5F1-38EB8989F7FD}.Release|Any CPU.ActiveCfg = Release|Any CPU
		{D11CDF99-DC5B-4C56-A5F1-38EB8989F7FD}.Release|Any CPU.Build.0 = Release|Any CPU
	EndGlobalSection
	GlobalSection(SolutionProperties) = preSolution
		HideSolutionNode = FALSE
	EndGlobalSection
	GlobalSection(ExtensibilityGlobals) = postSolution
		SolutionGuid = {F2C01D69-C82D-4E6B-BC03-7B320CDA1B0D}
	EndGlobalSection
EndGlobal
